// !$*UTF8*$!
{
	archiveVersion = 1;
	classes = {
	};
	objectVersion = 46;
	objects = {

/* Begin PBXBuildFile section */
		CE0CAC931ED6AF6A0047F81D /* main.m in Sources */ = {isa = PBXBuildFile; fileRef = CE0CAC921ED6AF6A0047F81D /* main.m */; };
		CE0CAC961ED6AF6A0047F81D /* AppDelegate.m in Sources */ = {isa = PBXBuildFile; fileRef = CE0CAC951ED6AF6A0047F81D /* AppDelegate.m */; };
		CE0CAC991ED6AF6A0047F81D /* ViewController.m in Sources */ = {isa = PBXBuildFile; fileRef = CE0CAC981ED6AF6A0047F81D /* ViewController.m */; };
		CE0CAC9C1ED6AF6A0047F81D /* Main.storyboard in Resources */ = {isa = PBXBuildFile; fileRef = CE0CAC9A1ED6AF6A0047F81D /* Main.storyboard */; };
		CE0CAC9E1ED6AF6A0047F81D /* Assets.xcassets in Resources */ = {isa = PBXBuildFile; fileRef = CE0CAC9D1ED6AF6A0047F81D /* Assets.xcassets */; };
		CE0CACA11ED6AF6A0047F81D /* LaunchScreen.storyboard in Resources */ = {isa = PBXBuildFile; fileRef = CE0CAC9F1ED6AF6A0047F81D /* LaunchScreen.storyboard */; };
/* End PBXBuildFile section */

/* Begin PBXFileReference section */
		CE0CAC8E1ED6AF6A0047F81D /* ExpandableTable.app */ = {isa = PBXFileReference; explicitFileType = wrapper.application; includeInIndex = 0; path = ExpandableTable.app; sourceTree = BUILT_PRODUCTS_DIR; };
		CE0CAC921ED6AF6A0047F81D /* main.m */ = {isa = PBXFileReference; lastKnownFileType = sourcecode.c.objc; path = main.m; sourceTree = "<group>"; };
		CE0CAC941ED6AF6A0047F81D /* AppDelegate.h */ = {isa = PBXFileReference; lastKnownFileType = sourcecode.c.h; path = AppDelegate.h; sourceTree = "<group>"; };
		CE0CAC951ED6AF6A0047F81D /* AppDelegate.m */ = {isa = PBXFileReference; lastKnownFileType = sourcecode.c.objc; path = AppDelegate.m; sourceTree = "<group>"; };
		CE0CAC971ED6AF6A0047F81D /* ViewController.h */ = {isa = PBXFileReference; lastKnownFileType = sourcecode.c.h; path = ViewController.h; sourceTree = "<group>"; };
		CE0CAC981ED6AF6A0047F81D /* ViewController.m */ = {isa = PBXFileReference; lastKnownFileType = sourcecode.c.objc; path = ViewController.m; sourceTree = "<group>"; };
		CE0CAC9B1ED6AF6A0047F81D /* Base */ = {isa = PBXFileReference; lastKnownFileType = file.storyboard; name = Base; path = Base.lproj/Main.storyboard; sourceTree = "<group>"; };
		CE0CAC9D1ED6AF6A0047F81D /* Assets.xcassets */ = {isa = PBXFileReference; lastKnownFileType = folder.assetcatalog; path = Assets.xcassets; sourceTree = "<group>"; };
		CE0CACA01ED6AF6A0047F81D /* Base */ = {isa = PBXFileReference; lastKnownFileType = file.storyboard; name = Base; path = Base.lproj/LaunchScreen.storyboard; sourceTree = "<group>"; };
		CE0CACA21ED6AF6A0047F81D /* Info.plist */ = {isa = PBXFileReference; lastKnownFileType = text.plist.xml; path = Info.plist; sourceTree = "<group>"; };
/* End PBXFileReference section */

/* Begin PBXFrameworksBuildPhase section */
		CE0CAC8B1ED6AF6A0047F81D /* Frameworks */ = {
			isa = PBXFrameworksBuildPhase;
			buildActionMask = 2147483647;
			files = (
			);
			runOnlyForDeploymentPostprocessing = 0;
		};
/* End PBXFrameworksBuildPhase section */

/* Begin PBXGroup section */
		CE0CAC851ED6AF6A0047F81D = {
			isa = PBXGroup;
			children = (
				CE0CAC901ED6AF6A0047F81D /* ExpandableTable */,
				CE0CAC8F1ED6AF6A0047F81D /* Products */,
			);
			sourceTree = "<group>";
		};
		CE0CAC8F1ED6AF6A0047F81D /* Products */ = {
			isa = PBXGroup;
			children = (
				CE0CAC8E1ED6AF6A0047F81D /* ExpandableTable.app */,
			);
			name = Products;
			sourceTree = "<group>";
		};
		CE0CAC901ED6AF6A0047F81D /* ExpandableTable */ = {
			isa = PBXGroup;
			children = (
				CE0CAC941ED6AF6A0047F81D /* AppDelegate.h */,
				CE0CAC951ED6AF6A0047F81D /* AppDelegate.m */,
				CE0CAC971ED6AF6A0047F81D /* ViewController.h */,
				CE0CAC981ED6AF6A0047F81D /* ViewController.m */,
				CE0CAC9A1ED6AF6A0047F81D /* Main.storyboard */,
				CE0CAC9D1ED6AF6A0047F81D /* Assets.xcassets */,
				CE0CAC9F1ED6AF6A0047F81D /* LaunchScreen.storyboard */,
				CE0CACA21ED6AF6A0047F81D /* Info.plist */,
				CE0CAC911ED6AF6A0047F81D /* Supporting Files */,
			);
			path = ExpandableTable;
			sourceTree = "<group>";
		};
		CE0CAC911ED6AF6A0047F81D /* Supporting Files */ = {
			isa = PBXGroup;
			children = (
				CE0CAC921ED6AF6A0047F81D /* main.m */,
			);
			name = "Supporting Files";
			sourceTree = "<group>";
		};
/* End PBXGroup section */

/* Begin PBXNativeTarget section */
		CE0CAC8D1ED6AF6A0047F81D /* ExpandableTable */ = {
			isa = PBXNativeTarget;
			buildConfigurationList = CE0CACA51ED6AF6A0047F81D /* Build configuration list for PBXNativeTarget "ExpandableTable" */;
			buildPhases = (
				CE0CAC8A1ED6AF6A0047F81D /* Sources */,
				CE0CAC8B1ED6AF6A0047F81D /* Frameworks */,
				CE0CAC8C1ED6AF6A0047F81D /* Resources */,
			);
			buildRules = (
			);
			dependencies = (
			);
			name = ExpandableTable;
			productName = ExpandableTable;
			productReference = CE0CAC8E1ED6AF6A0047F81D /* ExpandableTable.app */;
			productType = "com.apple.product-type.application";
		};
/* End PBXNativeTarget section */

/* Begin PBXProject section */
		CE0CAC861ED6AF6A0047F81D /* Project object */ = {
			isa = PBXProject;
			attributes = {
				LastUpgradeCheck = 0700;
				ORGANIZATIONNAME = VaishaliApp;
				TargetAttributes = {
					CE0CAC8D1ED6AF6A0047F81D = {
						CreatedOnToolsVersion = 7.0.1;
					};
				};
			};
			buildConfigurationList = CE0CAC891ED6AF6A0047F81D /* Build configuration list for PBXProject "ExpandableTable" */;
			compatibilityVersion = "Xcode 3.2";
			developmentRegion = English;
			hasScannedForEncodings = 0;
			knownRegions = (
				en,
				Base,
			);
			mainGroup = CE0CAC851ED6AF6A0047F81D;
			productRefGroup = CE0CAC8F1ED6AF6A0047F81D /* Products */;
			projectDirPath = "";
			projectRoot = "";
			targets = (
				CE0CAC8D1ED6AF6A0047F81D /* ExpandableTable */,
			);
		};
/* End PBXProject section */

/* Begin PBXResourcesBuildPhase section */
		CE0CAC8C1ED6AF6A0047F81D /* Resources */ = {
			isa = PBXResourcesBuildPhase;
			buildActionMask = 2147483647;
			files = (
				CE0CACA11ED6AF6A0047F81D /* LaunchScreen.storyboard in Resources */,
				CE0CAC9E1ED6AF6A0047F81D /* Assets.xcassets in Resources */,
				CE0CAC9C1ED6AF6A0047F81D /* Main.storyboard in Resources */,
			);
			runOnlyForDeploymentPostprocessing = 0;
		};
/* End PBXResourcesBuildPhase section */

/* Begin PBXSourcesBuildPhase section */
		CE0CAC8A1ED6AF6A0047F81D /* Sources */ = {
			isa = PBXSourcesBuildPhase;
			buildActionMask = 2147483647;
			files = (
				CE0CAC991ED6AF6A0047F81D /* ViewController.m in Sources */,
				CE0CAC961ED6AF6A0047F81D /* AppDelegate.m in Sources */,
				CE0CAC931ED6AF6A0047F81D /* main.m in Sources */,
			);
			runOnlyForDeploymentPostprocessing = 0;
		};
/* End PBXSourcesBuildPhase section */

/* Begin PBXVariantGroup section */
		CE0CAC9A1ED6AF6A0047F81D /* Main.storyboard */ = {
			isa = PBXVariantGroup;
			children = (
				CE0CAC9B1ED6AF6A0047F81D /* Base */,
			);
			name = Main.storyboard;
			sourceTree = "<group>";
		};
		CE0CAC9F1ED6AF6A0047F81D /* LaunchScreen.storyboard */ = {
			isa = PBXVariantGroup;
			children = (
				CE0CACA01ED6AF6A0047F81D /* Base */,
			);
			name = LaunchScreen.storyboard;
			sourceTree = "<group>";
		};
/* End PBXVariantGroup section */

/* Begin XCBuildConfiguration section */
		CE0CACA31ED6AF6A0047F81D /* Debug */ = {
			isa = XCBuildConfiguration;
			buildSettings = {
				ALWAYS_SEARCH_USER_PATHS = NO;
				CLANG_CXX_LANGUAGE_STANDARD = "gnu++0x";
				CLANG_CXX_LIBRARY = "libc++";
				CLANG_ENABLE_MODULES = YES;
				CLANG_ENABLE_OBJC_ARC = YES;
				CLANG_WARN_BOOL_CONVERSION = YES;
				CLANG_WARN_CONSTANT_CONVERSION = YES;
				CLANG_WARN_DIRECT_OBJC_ISA_USAGE = YES_ERROR;
				CLANG_WARN_EMPTY_BODY = YES;
				CLANG_WARN_ENUM_CONVERSION = YES;
				CLANG_WARN_INT_CONVERSION = YES;
				CLANG_WARN_OBJC_ROOT_CLASS = YES_ERROR;
				CLANG_WARN_UNREACHABLE_CODE = YES;
				CLANG_WARN__DUPLICATE_METHOD_MATCH = YES;
				"CODE_SIGN_IDENTITY[sdk=iphoneos*]" = "iPhone Developer";
				COPY_PHASE_STRIP = NO;
				DEBUG_INFORMATION_FORMAT = dwarf;
				ENABLE_STRICT_OBJC_MSGSEND = YES;
				ENABLE_TESTABILITY = YES;
				GCC_C_LANGUAGE_STANDARD = gnu99;
				GCC_DYNAMIC_NO_PIC = NO;
				GCC_NO_COMMON_BLOCKS = YES;
				GCC_OPTIMIZATION_LEVEL = 0;
				GCC_PREPROCESSOR_DEFINITIONS = (
					"DEBUG=1",
					"$(inherited)",
				);
				GCC_WARN_64_TO_32_BIT_CONVERSION = YES;
				GCC_WARN_ABOUT_RETURN_TYPE = YES_ERROR;
				GCC_WARN_UNDECLARED_SELECTOR = YES;
				GCC_WARN_UNINITIALIZED_AUTOS = YES_AGGRESSIVE;
				GCC_WARN_UNUSED_FUNCTION = YES;
				GCC_WARN_UNUSED_VARIABLE = YES;
				IPHONEOS_DEPLOYMENT_TARGET = 9.0;
				MTL_ENABLE_DEBUG_INFO = YES;
				ONLY_ACTIVE_ARCH = YES;
				SDKROOT = iphoneos;
				TARGETED_DEVICE_FAMILY = "1,2";
			};
			name = Debug;
		};
		CE0CACA41ED6AF6A0047F81D /* Release */ = {
			isa = XCBuildConfiguration;
			buildSettings = {
				ALWAYS_SEARCH_USER_PATHS = NO;
				CLANG_CXX_LANGUAGE_STANDARD = "gnu++0x";
				CLANG_CXX_LIBRARY = "libc++";
				CLANG_ENABLE_MODULES = YES;
				CLANG_ENABLE_OBJC_ARC = YES;
				CLANG_WARN_BOOL_CONVERSION = YES;
				CLANG_WARN_CONSTANT_CONVERSION = YES;
				CLANG_WARN_DIRECT_OBJC_ISA_USAGE = YES_ERROR;
				CLANG_WARN_EMPTY_BODY = YES;
				CLANG_WARN_ENUM_CONVERSION = YES;
				CLANG_WARN_INT_CONVERSION = YES;
				CLANG_WARN_OBJC_ROOT_CLASS = YES_ERROR;
				CLANG_WARN_UNREACHABLE_CODE = YES;
				CLANG_WARN__DUPLICATE_METHOD_MATCH = YES;
				"CODE_SIGN_IDENTITY[sdk=iphoneos*]" = "iPhone Developer";
				COPY_PHASE_STRIP = NO;
				DEBUG_INFORMATION_FORMAT = "dwarf-with-dsym";
				ENABLE_NS_ASSERTIONS = NO;
				ENABLE_STRICT_OBJC_MSGSEND = YES;
				GCC_C_LANGUAGE_STANDARD = gnu99;
				GCC_NO_COMMON_BLOCKS = YES;
				GCC_WARN_64_TO_32_BIT_CONVERSION = YES;
				GCC_WARN_ABOUT_RETURN_TYPE = YES_ERROR;
				GCC_WARN_UNDECLARED_SELECTOR = YES;
				GCC_WARN_UNINITIALIZED_AUTOS = YES_AGGRESSIVE;
				GCC_WARN_UNUSED_FUNCTION = YES;
				GCC_WARN_UNUSED_VARIABLE = YES;
				IPHONEOS_DEPLOYMENT_TARGET = 9.0;
				MTL_ENABLE_DEBUG_INFO = NO;
				SDKROOT = iphoneos;
				TARGETED_DEVICE_FAMILY = "1,2";
				VALIDATE_PRODUCT = YES;
			};
			name = Release;
		};
		CE0CACA61ED6AF6A0047F81D /* Debug */ = {
			isa = XCBuildConfiguration;
			buildSettings = {
				ASSETCATALOG_COMPILER_APPICON_NAME = AppIcon;
				INFOPLIST_FILE = ExpandableTable/Info.plist;
				LD_RUNPATH_SEARCH_PATHS = "$(inherited) @executable_path/Frameworks";
				PRODUCT_BUNDLE_IDENTIFIER = JIB.ExpandableTable;
				PRODUCT_NAME = "$(TARGET_NAME)";
			};
			name = Debug;
		};
		CE0CACA71ED6AF6A0047F81D /* Release */ = {
			isa = XCBuildConfiguration;
			buildSettings = {
				ASSETCATALOG_COMPILER_APPICON_NAME = AppIcon;
				INFOPLIST_FILE = ExpandableTable/Info.plist;
				LD_RUNPATH_SEARCH_PATHS = "$(inherited) @executable_path/Frameworks";
				PRODUCT_BUNDLE_IDENTIFIER = JIB.ExpandableTable;
				PRODUCT_NAME = "$(TARGET_NAME)";
			};
			name = Release;
		};
/* End XCBuildConfiguration section */

/* Begin XCConfigurationList section */
		CE0CAC891ED6AF6A0047F81D /* Build configuration list for PBXProject "ExpandableTable" */ = {
			isa = XCConfigurationList;
			buildConfigurations = (
				CE0CACA31ED6AF6A0047F81D /* Debug */,
				CE0CACA41ED6AF6A0047F81D /* Release */,
			);
			defaultConfigurationIsVisible = 0;
			defaultConfigurationName = Release;
		};
		CE0CACA51ED6AF6A0047F81D /* Build configuration list for PBXNativeTarget "ExpandableTable" */ = {
			isa = XCConfigurationList;
			buildConfigurations = (
				CE0CACA61ED6AF6A0047F81D /* Debug */,
				CE0CACA71ED6AF6A0047F81D /* Release */,
			);
			defaultConfigurationIsVisible = 0;
		};
/* End XCConfigurationList section */
	};
	rootObject = CE0CAC861ED6AF6A0047F81D /* Project object */;
}
